
Microsoft Visual Studio Solution File, Format Version 12.00
# Visual Studio Version 17
VisualStudioVersion = 17.11.35222.181
MinimumVisualStudioVersion = 10.0.40219.1
Project("{FAE04EC0-301F-11D3-BF4B-00C04F79EFBC}") = "zad3", "zad3\zad3.csproj", "{5FB2298D-467B-4FE1-9310-6E17E3B7B460}"
EndProject
Global
	GlobalSection(SolutionConfigurationPlatforms) = preSolution
		Debug|Any CPU = Debug|Any CPU
		Release|Any CPU = Release|Any CPU
	EndGlobalSection
	GlobalSection(ProjectConfigurationPlatforms) = postSolution
		{5FB2298D-467B-4FE1-9310-6E17E3B7B460}.Debug|Any CPU.ActiveCfg = Debug|Any CPU
		{5FB2298D-467B-4FE1-9310-6E17E3B7B460}.Debug|Any CPU.Build.0 = Debug|Any CPU
		{5FB2298D-467B-4FE1-9310-6E17E3B7B460}.Release|Any CPU.ActiveCfg = Release|Any CPU
		{5FB2298D-467B-4FE1-9310-6E17E3B7B460}.Release|Any CPU.Build.0 = Release|Any CPU
	EndGlobalSection
	GlobalSection(SolutionProperties) = preSolution
		HideSolutionNode = FALSE
	EndGlobalSection
	GlobalSection(ExtensibilityGlobals) = postSolution
		SolutionGuid = {6441843F-55E8-4A19-A80E-7464CEF558D1}
	EndGlobalSection
EndGlobal
